---
 title: "Pandoc for PDF How-To test"
 author: "Alexey Gumirov"
 date:
 subtitle: "How-to generate nice PDF documentation from Markdown"
 titlepage: true
 titlepage-color: "FFFFFF"
 titlepage-text-color: "000000"
 titlepage-rule-color: "CCCCCC"
 titlepage-rule-height: 4
 toc-own-page: true
 logo: "files/logo.png"
 logo-width: 100 
 links-as-notes: true
 lot: true
 lot-own-page: false
 lof: true
 lof-own-page: true
...
